
Microsoft Visual Studio Solution File, Format Version 12.00
# Visual Studio 14
VisualStudioVersion = 14.0.25123.0
MinimumVisualStudioVersion = 10.0.40219.1
Project("{8BC9CEB8-8B4A-11D0-8D11-00A0C91BC942}") = "LibEDF_Win32Dll", "LibEDF_Win32Dll\LibEDF_Win32.vcxproj", "{A668263C-D2F8-4038-B96D-F00AAF44CF90}"
EndProject
Project("{8BC9CEB8-8B4A-11D0-8D11-00A0C91BC942}") = "LibEDF_Win32Example", "LibEDF_Win32Example\LibEDF_Win32Example.vcxproj", "{F8085787-2F85-4BF2-A617-6D7D99DD8415}"
EndProject
Project("{FAE04EC0-301F-11D3-BF4B-00C04F79EFBC}") = "LibEDF_DotNet", "LibEDF_DotNet\LibEDF_DotNet.csproj", "{7E8B16EB-EB43-4A0F-B4AA-D00BFE41EBE2}"
EndProject
Project("{FAE04EC0-301F-11D3-BF4B-00C04F79EFBC}") = "LibEDF_DotNetExamples", "LibEDF_DotNetExamples\LibEDF_DotNetExamples.csproj", "{73ACE459-8CE0-4D90-95EE-A9B3543E183F}"
EndProject
Project("{FAE04EC0-301F-11D3-BF4B-00C04F79EFBC}") = "LibEDF_DotNetTests", "LibEDF_DotNetTests\LibEDF_DotNetTests.csproj", "{077F4371-C947-4193-AB00-7EE21365C79C}"
EndProject
Global
	GlobalSection(SolutionConfigurationPlatforms) = preSolution
		Debug|Any CPU = Debug|Any CPU
		Debug|x64 = Debug|x64
		Debug|x86 = Debug|x86
		Release|Any CPU = Release|Any CPU
		Release|x64 = Release|x64
		Release|x86 = Release|x86
	EndGlobalSection
	GlobalSection(ProjectConfigurationPlatforms) = postSolution
		{A668263C-D2F8-4038-B96D-F00AAF44CF90}.Debug|Any CPU.ActiveCfg = Debug|Win32
		{A668263C-D2F8-4038-B96D-F00AAF44CF90}.Debug|x64.ActiveCfg = Debug|x64
		{A668263C-D2F8-4038-B96D-F00AAF44CF90}.Debug|x64.Build.0 = Debug|x64
		{A668263C-D2F8-4038-B96D-F00AAF44CF90}.Debug|x86.ActiveCfg = Debug|Win32
		{A668263C-D2F8-4038-B96D-F00AAF44CF90}.Debug|x86.Build.0 = Debug|Win32
		{A668263C-D2F8-4038-B96D-F00AAF44CF90}.Release|Any CPU.ActiveCfg = Release|Win32
		{A668263C-D2F8-4038-B96D-F00AAF44CF90}.Release|x64.ActiveCfg = Release|x64
		{A668263C-D2F8-4038-B96D-F00AAF44CF90}.Release|x64.Build.0 = Release|x64
		{A668263C-D2F8-4038-B96D-F00AAF44CF90}.Release|x86.ActiveCfg = Release|Win32
		{A668263C-D2F8-4038-B96D-F00AAF44CF90}.Release|x86.Build.0 = Release|Win32
		{F8085787-2F85-4BF2-A617-6D7D99DD8415}.Debug|Any CPU.ActiveCfg = Debug|Win32
		{F8085787-2F85-4BF2-A617-6D7D99DD8415}.Debug|x64.ActiveCfg = Debug|x64
		{F8085787-2F85-4BF2-A617-6D7D99DD8415}.Debug|x64.Build.0 = Debug|x64
		{F8085787-2F85-4BF2-A617-6D7D99DD8415}.Debug|x86.ActiveCfg = Debug|Win32
		{F8085787-2F85-4BF2-A617-6D7D99DD8415}.Debug|x86.Build.0 = Debug|Win32
		{F8085787-2F85-4BF2-A617-6D7D99DD8415}.Release|Any CPU.ActiveCfg = Release|Win32
		{F8085787-2F85-4BF2-A617-6D7D99DD8415}.Release|x64.ActiveCfg = Release|x64
		{F8085787-2F85-4BF2-A617-6D7D99DD8415}.Release|x64.Build.0 = Release|x64
		{F8085787-2F85-4BF2-A617-6D7D99DD8415}.Release|x86.ActiveCfg = Release|Win32
		{F8085787-2F85-4BF2-A617-6D7D99DD8415}.Release|x86.Build.0 = Release|Win32
		{7E8B16EB-EB43-4A0F-B4AA-D00BFE41EBE2}.Debug|Any CPU.ActiveCfg = Debug|Any CPU
		{7E8B16EB-EB43-4A0F-B4AA-D00BFE41EBE2}.Debug|Any CPU.Build.0 = Debug|Any CPU
		{7E8B16EB-EB43-4A0F-B4AA-D00BFE41EBE2}.Debug|x64.ActiveCfg = Debug|Any CPU
		{7E8B16EB-EB43-4A0F-B4AA-D00BFE41EBE2}.Debug|x64.Build.0 = Debug|Any CPU
		{7E8B16EB-EB43-4A0F-B4AA-D00BFE41EBE2}.Debug|x86.ActiveCfg = Debug|x86
		{7E8B16EB-EB43-4A0F-B4AA-D00BFE41EBE2}.Debug|x86.Build.0 = Debug|x86
		{7E8B16EB-EB43-4A0F-B4AA-D00BFE41EBE2}.Release|Any CPU.ActiveCfg = Release|Any CPU
		{7E8B16EB-EB43-4A0F-B4AA-D00BFE41EBE2}.Release|Any CPU.Build.0 = Release|Any CPU
		{7E8B16EB-EB43-4A0F-B4AA-D00BFE41EBE2}.Release|x64.ActiveCfg = Release|Any CPU
		{7E8B16EB-EB43-4A0F-B4AA-D00BFE41EBE2}.Release|x64.Build.0 = Release|Any CPU
		{7E8B16EB-EB43-4A0F-B4AA-D00BFE41EBE2}.Release|x86.ActiveCfg = Release|x86
		{7E8B16EB-EB43-4A0F-B4AA-D00BFE41EBE2}.Release|x86.Build.0 = Release|x86
		{73ACE459-8CE0-4D90-95EE-A9B3543E183F}.Debug|Any CPU.ActiveCfg = Debug|Any CPU
		{73ACE459-8CE0-4D90-95EE-A9B3543E183F}.Debug|Any CPU.Build.0 = Debug|Any CPU
		{73ACE459-8CE0-4D90-95EE-A9B3543E183F}.Debug|x64.ActiveCfg = Debug|Any CPU
		{73ACE459-8CE0-4D90-95EE-A9B3543E183F}.Debug|x64.Build.0 = Debug|Any CPU
		{73ACE459-8CE0-4D90-95EE-A9B3543E183F}.Debug|x86.ActiveCfg = Debug|Any CPU
		{73ACE459-8CE0-4D90-95EE-A9B3543E183F}.Debug|x86.Build.0 = Debug|Any CPU
		{73ACE459-8CE0-4D90-95EE-A9B3543E183F}.Release|Any CPU.ActiveCfg = Release|Any CPU
		{73ACE459-8CE0-4D90-95EE-A9B3543E183F}.Release|Any CPU.Build.0 = Release|Any CPU
		{73ACE459-8CE0-4D90-95EE-A9B3543E183F}.Release|x64.ActiveCfg = Release|Any CPU
		{73ACE459-8CE0-4D90-95EE-A9B3543E183F}.Release|x64.Build.0 = Release|Any CPU
		{73ACE459-8CE0-4D90-95EE-A9B3543E183F}.Release|x86.ActiveCfg = Release|Any CPU
		{73ACE459-8CE0-4D90-95EE-A9B3543E183F}.Release|x86.Build.0 = Release|Any CPU
		{077F4371-C947-4193-AB00-7EE21365C79C}.Debug|Any CPU.ActiveCfg = Debug|Any CPU
		{077F4371-C947-4193-AB00-7EE21365C79C}.Debug|Any CPU.Build.0 = Debug|Any CPU
		{077F4371-C947-4193-AB00-7EE21365C79C}.Debug|x64.ActiveCfg = Debug|Any CPU
		{077F4371-C947-4193-AB00-7EE21365C79C}.Debug|x64.Build.0 = Debug|Any CPU
		{077F4371-C947-4193-AB00-7EE21365C79C}.Debug|x86.ActiveCfg = Debug|x86
		{077F4371-C947-4193-AB00-7EE21365C79C}.Debug|x86.Build.0 = Debug|x86
		{077F4371-C947-4193-AB00-7EE21365C79C}.Release|Any CPU.ActiveCfg = Release|Any CPU
		{077F4371-C947-4193-AB00-7EE21365C79C}.Release|Any CPU.Build.0 = Release|Any CPU
		{077F4371-C947-4193-AB00-7EE21365C79C}.Release|x64.ActiveCfg = Release|Any CPU
		{077F4371-C947-4193-AB00-7EE21365C79C}.Release|x64.Build.0 = Release|Any CPU
		{077F4371-C947-4193-AB00-7EE21365C79C}.Release|x86.ActiveCfg = Release|x86
		{077F4371-C947-4193-AB00-7EE21365C79C}.Release|x86.Build.0 = Release|x86
	EndGlobalSection
	GlobalSection(SolutionProperties) = preSolution
		HideSolutionNode = FALSE
	EndGlobalSection
EndGlobal
